
Microsoft Visual Studio Solution File, Format Version 12.00
# Visual Studio Version 16
VisualStudioVersion = 16.0.31025.194
MinimumVisualStudioVersion = 10.0.40219.1
Project("{FAE04EC0-301F-11D3-BF4B-00C04F79EFBC}") = "FizzBuzz.Tests", "FizzBuzz.Tests\FizzBuzz.Tests.csproj", "{A7551651-86A9-4A50-8D50-B394CC774EC3}"
EndProject
Project("{FAE04EC0-301F-11D3-BF4B-00C04F79EFBC}") = "FizzBuzz", "FizzBuzz\FizzBuzz.csproj", "{CA45D907-220C-4704-B236-0816621A9CEB}"
EndProject
Global
	GlobalSection(SolutionConfigurationPlatforms) = preSolution
		Debug|Any CPU = Debug|Any CPU
		Release|Any CPU = Release|Any CPU
	EndGlobalSection
	GlobalSection(ProjectConfigurationPlatforms) = postSolution
		{A7551651-86A9-4A50-8D50-B394CC774EC3}.Debug|Any CPU.ActiveCfg = Debug|Any CPU
		{A7551651-86A9-4A50-8D50-B394CC774EC3}.Debug|Any CPU.Build.0 = Debug|Any CPU
		{A7551651-86A9-4A50-8D50-B394CC774EC3}.Release|Any CPU.ActiveCfg = Release|Any CPU
		{A7551651-86A9-4A50-8D50-B394CC774EC3}.Release|Any CPU.Build.0 = Release|Any CPU
		{CA45D907-220C-4704-B236-0816621A9CEB}.Debug|Any CPU.ActiveCfg = Debug|Any CPU
		{CA45D907-220C-4704-B236-0816621A9CEB}.Debug|Any CPU.Build.0 = Debug|Any CPU
		{CA45D907-220C-4704-B236-0816621A9CEB}.Release|Any CPU.ActiveCfg = Release|Any CPU
		{CA45D907-220C-4704-B236-0816621A9CEB}.Release|Any CPU.Build.0 = Release|Any CPU
	EndGlobalSection
	GlobalSection(SolutionProperties) = preSolution
		HideSolutionNode = FALSE
	EndGlobalSection
	GlobalSection(ExtensibilityGlobals) = postSolution
		SolutionGuid = {1FFD742D-3725-4579-BB8E-E9567DBF4964}
	EndGlobalSection
EndGlobal
